
Microsoft Visual Studio Solution File, Format Version 12.00
# Visual Studio Version 17
VisualStudioVersion = 17.1.32319.34
MinimumVisualStudioVersion = 10.0.40219.1
Project("{FAE04EC0-301F-11D3-BF4B-00C04F79EFBC}") = "Consola", "Consola\Consola.csproj", "{6698E1B9-C75E-4D5B-8BBC-C3042C536CF9}"
EndProject
Project("{FAE04EC0-301F-11D3-BF4B-00C04F79EFBC}") = "Logica", "Logica\Logica.csproj", "{887EE5E0-DF6E-4B1D-846D-9ADA24DA1CD2}"
EndProject
Global
	GlobalSection(SolutionConfigurationPlatforms) = preSolution
		Debug|Any CPU = Debug|Any CPU
		Release|Any CPU = Release|Any CPU
	EndGlobalSection
	GlobalSection(ProjectConfigurationPlatforms) = postSolution
		{6698E1B9-C75E-4D5B-8BBC-C3042C536CF9}.Debug|Any CPU.ActiveCfg = Debug|Any CPU
		{6698E1B9-C75E-4D5B-8BBC-C3042C536CF9}.Debug|Any CPU.Build.0 = Debug|Any CPU
		{6698E1B9-C75E-4D5B-8BBC-C3042C536CF9}.Release|Any CPU.ActiveCfg = Release|Any CPU
		{6698E1B9-C75E-4D5B-8BBC-C3042C536CF9}.Release|Any CPU.Build.0 = Release|Any CPU
		{887EE5E0-DF6E-4B1D-846D-9ADA24DA1CD2}.Debug|Any CPU.ActiveCfg = Debug|Any CPU
		{887EE5E0-DF6E-4B1D-846D-9ADA24DA1CD2}.Debug|Any CPU.Build.0 = Debug|Any CPU
		{887EE5E0-DF6E-4B1D-846D-9ADA24DA1CD2}.Release|Any CPU.ActiveCfg = Release|Any CPU
		{887EE5E0-DF6E-4B1D-846D-9ADA24DA1CD2}.Release|Any CPU.Build.0 = Release|Any CPU
	EndGlobalSection
	GlobalSection(SolutionProperties) = preSolution
		HideSolutionNode = FALSE
	EndGlobalSection
	GlobalSection(ExtensibilityGlobals) = postSolution
		SolutionGuid = {5462EE1D-7B89-4FDD-A2B5-FC1109C691E1}
	EndGlobalSection
EndGlobal
